github.com/alohawu/gopher-lua v1.1.4 h1:NDlW1/uJ3ylyji/ZTDDSrBmAtmKErutb9faAsqi1t/Q=
github.com/alohawu/gopher-lua v1.1.4/go.mod h1:/amAMYbW0cmsIBeMP5611AYROArJRHuQVHvhPV3Uq4A=
github.com/yuin/gopher-lua v1.1.1 h1:kYKnWBjvbNP4XLT3+bPEwAXJx262OhaHDWDVOPjL46M=
github.com/yuin/gopher-lua v1.1.1/go.mod h1:GBR0iDaNXjAgGg9zfCvksxSRnQx76gclCIb7kdAd1Pw=
